
Microsoft Visual Studio Solution File, Format Version 12.00
# Visual Studio Version 17
VisualStudioVersion = 17.10.34928.147
MinimumVisualStudioVersion = 10.0.40219.1
Project("{FAE04EC0-301F-11D3-BF4B-00C04F79EFBC}") = "ToDoApp_API", "ToDoApp_API\ToDoApp_API.csproj", "{558F0DD8-C297-4BC7-A3F4-73C6165A9C32}"
EndProject
Project("{FAE04EC0-301F-11D3-BF4B-00C04F79EFBC}") = "ToDoApp_API.Test", "ToDoApp_API.Test\ToDoApp_API.Test.csproj", "{58E108C6-F553-45C5-875E-82CF915648A5}"
EndProject
Global
	GlobalSection(SolutionConfigurationPlatforms) = preSolution
		Debug|Any CPU = Debug|Any CPU
		Release|Any CPU = Release|Any CPU
	EndGlobalSection
	GlobalSection(ProjectConfigurationPlatforms) = postSolution
		{558F0DD8-C297-4BC7-A3F4-73C6165A9C32}.Debug|Any CPU.ActiveCfg = Debug|Any CPU
		{558F0DD8-C297-4BC7-A3F4-73C6165A9C32}.Debug|Any CPU.Build.0 = Debug|Any CPU
		{558F0DD8-C297-4BC7-A3F4-73C6165A9C32}.Release|Any CPU.ActiveCfg = Release|Any CPU
		{558F0DD8-C297-4BC7-A3F4-73C6165A9C32}.Release|Any CPU.Build.0 = Release|Any CPU
		{58E108C6-F553-45C5-875E-82CF915648A5}.Debug|Any CPU.ActiveCfg = Debug|Any CPU
		{58E108C6-F553-45C5-875E-82CF915648A5}.Debug|Any CPU.Build.0 = Debug|Any CPU
		{58E108C6-F553-45C5-875E-82CF915648A5}.Release|Any CPU.ActiveCfg = Release|Any CPU
		{58E108C6-F553-45C5-875E-82CF915648A5}.Release|Any CPU.Build.0 = Release|Any CPU
	EndGlobalSection
	GlobalSection(SolutionProperties) = preSolution
		HideSolutionNode = FALSE
	EndGlobalSection
	GlobalSection(ExtensibilityGlobals) = postSolution
		SolutionGuid = {E9ADB3AF-A629-419F-968D-227E9ADBE1A9}
	EndGlobalSection
EndGlobal
